
Microsoft Visual Studio Solution File, Format Version 12.00
# Visual Studio 15
VisualStudioVersion = 15.0.27130.2020
MinimumVisualStudioVersion = 10.0.40219.1
Project("{2150E333-8FDC-42A3-9474-1A3956D46DE8}") = "Solution Items", "Solution Items", "{BA33CAF0-D18B-4F28-B943-BE34C2CBB594}"
	ProjectSection(SolutionItems) = preProject
		.editorconfig = .editorconfig
		.gitattributes = .gitattributes
		.gitignore = .gitignore
		ReadMe.md = ReadMe.md
		Tunkio.props = Tunkio.props
	EndProjectSection
EndProject
Project("{8BC9CEB8-8B4A-11D0-8D11-00A0C91BC942}") = "TunkioDLL", "TunkioDLL\TunkioDLL.vcxproj", "{1F65F01E-09C9-4BE2-8CC2-7A1D65F282E6}"
EndProject
Project("{8BC9CEB8-8B4A-11D0-8D11-00A0C91BC942}") = "TunkioCLUI", "TunkioCLUI\TunkioCLUI.vcxproj", "{DB0A41E5-ED54-4842-9745-FFB5EF14F294}"
EndProject
Project("{8BC9CEB8-8B4A-11D0-8D11-00A0C91BC942}") = "TunkioTests", "TunkioTests\TunkioTests.vcxproj", "{9E670774-172A-4523-A048-1DE13B8AD55D}"
EndProject
Global
	GlobalSection(SolutionConfigurationPlatforms) = preSolution
		Debug|x64 = Debug|x64
		Debug|x86 = Debug|x86
		Release|x64 = Release|x64
		Release|x86 = Release|x86
	EndGlobalSection
	GlobalSection(ProjectConfigurationPlatforms) = postSolution
		{1F65F01E-09C9-4BE2-8CC2-7A1D65F282E6}.Debug|x64.ActiveCfg = Debug|x64
		{1F65F01E-09C9-4BE2-8CC2-7A1D65F282E6}.Debug|x64.Build.0 = Debug|x64
		{1F65F01E-09C9-4BE2-8CC2-7A1D65F282E6}.Debug|x86.ActiveCfg = Debug|Win32
		{1F65F01E-09C9-4BE2-8CC2-7A1D65F282E6}.Debug|x86.Build.0 = Debug|Win32
		{1F65F01E-09C9-4BE2-8CC2-7A1D65F282E6}.Release|x64.ActiveCfg = Release|x64
		{1F65F01E-09C9-4BE2-8CC2-7A1D65F282E6}.Release|x64.Build.0 = Release|x64
		{1F65F01E-09C9-4BE2-8CC2-7A1D65F282E6}.Release|x86.ActiveCfg = Release|Win32
		{1F65F01E-09C9-4BE2-8CC2-7A1D65F282E6}.Release|x86.Build.0 = Release|Win32
		{DB0A41E5-ED54-4842-9745-FFB5EF14F294}.Debug|x64.ActiveCfg = Debug|x64
		{DB0A41E5-ED54-4842-9745-FFB5EF14F294}.Debug|x64.Build.0 = Debug|x64
		{DB0A41E5-ED54-4842-9745-FFB5EF14F294}.Debug|x86.ActiveCfg = Debug|Win32
		{DB0A41E5-ED54-4842-9745-FFB5EF14F294}.Debug|x86.Build.0 = Debug|Win32
		{DB0A41E5-ED54-4842-9745-FFB5EF14F294}.Release|x64.ActiveCfg = Release|x64
		{DB0A41E5-ED54-4842-9745-FFB5EF14F294}.Release|x64.Build.0 = Release|x64
		{DB0A41E5-ED54-4842-9745-FFB5EF14F294}.Release|x86.ActiveCfg = Release|Win32
		{DB0A41E5-ED54-4842-9745-FFB5EF14F294}.Release|x86.Build.0 = Release|Win32
		{9E670774-172A-4523-A048-1DE13B8AD55D}.Debug|x64.ActiveCfg = Debug|x64
		{9E670774-172A-4523-A048-1DE13B8AD55D}.Debug|x64.Build.0 = Debug|x64
		{9E670774-172A-4523-A048-1DE13B8AD55D}.Debug|x86.ActiveCfg = Debug|Win32
		{9E670774-172A-4523-A048-1DE13B8AD55D}.Debug|x86.Build.0 = Debug|Win32
		{9E670774-172A-4523-A048-1DE13B8AD55D}.Release|x64.ActiveCfg = Release|x64
		{9E670774-172A-4523-A048-1DE13B8AD55D}.Release|x64.Build.0 = Release|x64
		{9E670774-172A-4523-A048-1DE13B8AD55D}.Release|x86.ActiveCfg = Release|Win32
		{9E670774-172A-4523-A048-1DE13B8AD55D}.Release|x86.Build.0 = Release|Win32
	EndGlobalSection
	GlobalSection(SolutionProperties) = preSolution
		HideSolutionNode = FALSE
	EndGlobalSection
	GlobalSection(ExtensibilityGlobals) = postSolution
		SolutionGuid = {33F16E6E-BE35-4F2C-8691-CFF6DF1FB919}
	EndGlobalSection
EndGlobal
