
Microsoft Visual Studio Solution File, Format Version 12.00
# Visual Studio Version 16
VisualStudioVersion = 16.0.28803.452
MinimumVisualStudioVersion = 10.0.40219.1
Project("{2150E333-8FDC-42A3-9474-1A3956D46DE8}") = "Solution Items", "Solution Items", "{BA33CAF0-D18B-4F28-B943-BE34C2CBB594}"
	ProjectSection(SolutionItems) = preProject
		.editorconfig = .editorconfig
		.gitattributes = .gitattributes
		.gitignore = .gitignore
		ReadMe.md = ReadMe.md
		Tunkio-Windows.props = Tunkio-Windows.props
	EndProjectSection
EndProject
Project("{8BC9CEB8-8B4A-11D0-8D11-00A0C91BC942}") = "TunkioLIB-Windows", "TunkioLIB\TunkioLIB-Windows.vcxproj", "{EEEEA30F-E090-41D0-BB6C-588DF660D33A}"
EndProject
Project("{8BC9CEB8-8B4A-11D0-8D11-00A0C91BC942}") = "TunkioDLL-Windows", "TunkioDLL\TunkioDLL-Windows.vcxproj", "{1F65F01E-09C9-4BE2-8CC2-7A1D65F282E6}"
EndProject
Project("{8BC9CEB8-8B4A-11D0-8D11-00A0C91BC942}") = "TunkioCLI-Windows", "TunkioCLI\TunkioCLI-Windows.vcxproj", "{DB0A41E5-ED54-4842-9745-FFB5EF14F294}"
EndProject
Project("{8BC9CEB8-8B4A-11D0-8D11-00A0C91BC942}") = "TunkioTests-Windows", "TunkioTests\TunkioTests-Windows.vcxproj", "{9E670774-172A-4523-A048-1DE13B8AD55D}"
EndProject
Project("{8BC9CEB8-8B4A-11D0-8D11-00A0C91BC942}") = "TunkioGUI-Windows", "TunkioGUI\TunkioGUI-Windows.vcxproj", "{89B12F02-D6FC-4B18-9A23-F78A9D1FAB3E}"
EndProject
Project("{8BC9CEB8-8B4A-11D0-8D11-00A0C91BC942}") = "TunkioLIB-WSL", "TunkioLIB\TunkioLIB-WSL.vcxproj", "{099EEF54-7B09-4E98-994E-4B12EB56643B}"
EndProject
Project("{8BC9CEB8-8B4A-11D0-8D11-00A0C91BC942}") = "TunkioCLI-WSL", "TunkioCLI\TunkioCLI-WSL.vcxproj", "{A9ABD042-7A93-454E-966C-9BCD6B36ACFD}"
EndProject
Project("{8BC9CEB8-8B4A-11D0-8D11-00A0C91BC942}") = "TunkioDLL-WSL", "TunkioDLL\TunkioDLL-WSL.vcxproj", "{339B6AB7-1F49-411D-84AE-2CC3B8E1AD1C}"
EndProject
Global
	GlobalSection(SolutionConfigurationPlatforms) = preSolution
		Debug|x64 = Debug|x64
		Debug|x86 = Debug|x86
		Release|x64 = Release|x64
		Release|x86 = Release|x86
	EndGlobalSection
	GlobalSection(ProjectConfigurationPlatforms) = postSolution
		{EEEEA30F-E090-41D0-BB6C-588DF660D33A}.Debug|x64.ActiveCfg = Debug|x64
		{EEEEA30F-E090-41D0-BB6C-588DF660D33A}.Debug|x64.Build.0 = Debug|x64
		{EEEEA30F-E090-41D0-BB6C-588DF660D33A}.Debug|x86.ActiveCfg = Debug|Win32
		{EEEEA30F-E090-41D0-BB6C-588DF660D33A}.Debug|x86.Build.0 = Debug|Win32
		{EEEEA30F-E090-41D0-BB6C-588DF660D33A}.Release|x64.ActiveCfg = Release|x64
		{EEEEA30F-E090-41D0-BB6C-588DF660D33A}.Release|x64.Build.0 = Release|x64
		{EEEEA30F-E090-41D0-BB6C-588DF660D33A}.Release|x86.ActiveCfg = Release|Win32
		{EEEEA30F-E090-41D0-BB6C-588DF660D33A}.Release|x86.Build.0 = Release|Win32
		{1F65F01E-09C9-4BE2-8CC2-7A1D65F282E6}.Debug|x64.ActiveCfg = Debug|x64
		{1F65F01E-09C9-4BE2-8CC2-7A1D65F282E6}.Debug|x64.Build.0 = Debug|x64
		{1F65F01E-09C9-4BE2-8CC2-7A1D65F282E6}.Debug|x86.ActiveCfg = Debug|Win32
		{1F65F01E-09C9-4BE2-8CC2-7A1D65F282E6}.Debug|x86.Build.0 = Debug|Win32
		{1F65F01E-09C9-4BE2-8CC2-7A1D65F282E6}.Release|x64.ActiveCfg = Release|x64
		{1F65F01E-09C9-4BE2-8CC2-7A1D65F282E6}.Release|x64.Build.0 = Release|x64
		{1F65F01E-09C9-4BE2-8CC2-7A1D65F282E6}.Release|x86.ActiveCfg = Release|Win32
		{1F65F01E-09C9-4BE2-8CC2-7A1D65F282E6}.Release|x86.Build.0 = Release|Win32
		{DB0A41E5-ED54-4842-9745-FFB5EF14F294}.Debug|x64.ActiveCfg = Debug|x64
		{DB0A41E5-ED54-4842-9745-FFB5EF14F294}.Debug|x64.Build.0 = Debug|x64
		{DB0A41E5-ED54-4842-9745-FFB5EF14F294}.Debug|x86.ActiveCfg = Debug|Win32
		{DB0A41E5-ED54-4842-9745-FFB5EF14F294}.Debug|x86.Build.0 = Debug|Win32
		{DB0A41E5-ED54-4842-9745-FFB5EF14F294}.Release|x64.ActiveCfg = Release|x64
		{DB0A41E5-ED54-4842-9745-FFB5EF14F294}.Release|x64.Build.0 = Release|x64
		{DB0A41E5-ED54-4842-9745-FFB5EF14F294}.Release|x86.ActiveCfg = Release|Win32
		{DB0A41E5-ED54-4842-9745-FFB5EF14F294}.Release|x86.Build.0 = Release|Win32
		{9E670774-172A-4523-A048-1DE13B8AD55D}.Debug|x64.ActiveCfg = Debug|x64
		{9E670774-172A-4523-A048-1DE13B8AD55D}.Debug|x64.Build.0 = Debug|x64
		{9E670774-172A-4523-A048-1DE13B8AD55D}.Debug|x86.ActiveCfg = Debug|Win32
		{9E670774-172A-4523-A048-1DE13B8AD55D}.Debug|x86.Build.0 = Debug|Win32
		{9E670774-172A-4523-A048-1DE13B8AD55D}.Release|x64.ActiveCfg = Release|x64
		{9E670774-172A-4523-A048-1DE13B8AD55D}.Release|x64.Build.0 = Release|x64
		{9E670774-172A-4523-A048-1DE13B8AD55D}.Release|x86.ActiveCfg = Release|Win32
		{9E670774-172A-4523-A048-1DE13B8AD55D}.Release|x86.Build.0 = Release|Win32
		{89B12F02-D6FC-4B18-9A23-F78A9D1FAB3E}.Debug|x64.ActiveCfg = Debug|x64
		{89B12F02-D6FC-4B18-9A23-F78A9D1FAB3E}.Debug|x64.Build.0 = Debug|x64
		{89B12F02-D6FC-4B18-9A23-F78A9D1FAB3E}.Debug|x86.ActiveCfg = Debug|Win32
		{89B12F02-D6FC-4B18-9A23-F78A9D1FAB3E}.Debug|x86.Build.0 = Debug|Win32
		{89B12F02-D6FC-4B18-9A23-F78A9D1FAB3E}.Release|x64.ActiveCfg = Release|x64
		{89B12F02-D6FC-4B18-9A23-F78A9D1FAB3E}.Release|x64.Build.0 = Release|x64
		{89B12F02-D6FC-4B18-9A23-F78A9D1FAB3E}.Release|x86.ActiveCfg = Release|Win32
		{89B12F02-D6FC-4B18-9A23-F78A9D1FAB3E}.Release|x86.Build.0 = Release|Win32
		{099EEF54-7B09-4E98-994E-4B12EB56643B}.Debug|x64.ActiveCfg = Debug|x64
		{099EEF54-7B09-4E98-994E-4B12EB56643B}.Debug|x64.Build.0 = Debug|x64
		{099EEF54-7B09-4E98-994E-4B12EB56643B}.Debug|x64.Deploy.0 = Debug|x64
		{099EEF54-7B09-4E98-994E-4B12EB56643B}.Debug|x86.ActiveCfg = Debug|x86
		{099EEF54-7B09-4E98-994E-4B12EB56643B}.Debug|x86.Build.0 = Debug|x86
		{099EEF54-7B09-4E98-994E-4B12EB56643B}.Debug|x86.Deploy.0 = Debug|x86
		{099EEF54-7B09-4E98-994E-4B12EB56643B}.Release|x64.ActiveCfg = Release|x64
		{099EEF54-7B09-4E98-994E-4B12EB56643B}.Release|x64.Build.0 = Release|x64
		{099EEF54-7B09-4E98-994E-4B12EB56643B}.Release|x64.Deploy.0 = Release|x64
		{099EEF54-7B09-4E98-994E-4B12EB56643B}.Release|x86.ActiveCfg = Release|x86
		{099EEF54-7B09-4E98-994E-4B12EB56643B}.Release|x86.Build.0 = Release|x86
		{099EEF54-7B09-4E98-994E-4B12EB56643B}.Release|x86.Deploy.0 = Release|x86
		{A9ABD042-7A93-454E-966C-9BCD6B36ACFD}.Debug|x64.ActiveCfg = Debug|x64
		{A9ABD042-7A93-454E-966C-9BCD6B36ACFD}.Debug|x64.Build.0 = Debug|x64
		{A9ABD042-7A93-454E-966C-9BCD6B36ACFD}.Debug|x64.Deploy.0 = Debug|x64
		{A9ABD042-7A93-454E-966C-9BCD6B36ACFD}.Debug|x86.ActiveCfg = Debug|x86
		{A9ABD042-7A93-454E-966C-9BCD6B36ACFD}.Debug|x86.Build.0 = Debug|x86
		{A9ABD042-7A93-454E-966C-9BCD6B36ACFD}.Debug|x86.Deploy.0 = Debug|x86
		{A9ABD042-7A93-454E-966C-9BCD6B36ACFD}.Release|x64.ActiveCfg = Release|x64
		{A9ABD042-7A93-454E-966C-9BCD6B36ACFD}.Release|x64.Build.0 = Release|x64
		{A9ABD042-7A93-454E-966C-9BCD6B36ACFD}.Release|x64.Deploy.0 = Release|x64
		{A9ABD042-7A93-454E-966C-9BCD6B36ACFD}.Release|x86.ActiveCfg = Release|x86
		{A9ABD042-7A93-454E-966C-9BCD6B36ACFD}.Release|x86.Build.0 = Release|x86
		{A9ABD042-7A93-454E-966C-9BCD6B36ACFD}.Release|x86.Deploy.0 = Release|x86
		{339B6AB7-1F49-411D-84AE-2CC3B8E1AD1C}.Debug|x64.ActiveCfg = Debug|x64
		{339B6AB7-1F49-411D-84AE-2CC3B8E1AD1C}.Debug|x64.Build.0 = Debug|x64
		{339B6AB7-1F49-411D-84AE-2CC3B8E1AD1C}.Debug|x64.Deploy.0 = Debug|x64
		{339B6AB7-1F49-411D-84AE-2CC3B8E1AD1C}.Debug|x86.ActiveCfg = Debug|x86
		{339B6AB7-1F49-411D-84AE-2CC3B8E1AD1C}.Debug|x86.Build.0 = Debug|x86
		{339B6AB7-1F49-411D-84AE-2CC3B8E1AD1C}.Debug|x86.Deploy.0 = Debug|x86
		{339B6AB7-1F49-411D-84AE-2CC3B8E1AD1C}.Release|x64.ActiveCfg = Release|x64
		{339B6AB7-1F49-411D-84AE-2CC3B8E1AD1C}.Release|x64.Build.0 = Release|x64
		{339B6AB7-1F49-411D-84AE-2CC3B8E1AD1C}.Release|x64.Deploy.0 = Release|x64
		{339B6AB7-1F49-411D-84AE-2CC3B8E1AD1C}.Release|x86.ActiveCfg = Release|x86
		{339B6AB7-1F49-411D-84AE-2CC3B8E1AD1C}.Release|x86.Build.0 = Release|x86
		{339B6AB7-1F49-411D-84AE-2CC3B8E1AD1C}.Release|x86.Deploy.0 = Release|x86
	EndGlobalSection
	GlobalSection(SolutionProperties) = preSolution
		HideSolutionNode = FALSE
	EndGlobalSection
	GlobalSection(ExtensibilityGlobals) = postSolution
		SolutionGuid = {34785564-798C-4F44-8184-D2CF5519307A}
	EndGlobalSection
EndGlobal
