<?xml version="1.0" encoding="utf-8"?>
<Project ToolsVersion="4.0" xmlns="http://schemas.microsoft.com/developer/msbuild/2003">
  <ItemGroup>
    <ClCompile Include="DllMain.cpp" />
    <ClCompile Include="PCH.cpp" />
    <ClCompile Include="TunkioAPICheck.c" />
    <ClCompile Include="TunkioAPI.cpp" />
    <ClCompile Include="TunkioArgs.cpp" />
    <ClCompile Include="TunkioEncoding.cpp" />
    <ClCompile Include="TunkioTiming.cpp" />
    <ClCompile Include="TunkioOutput.cpp" />
    <ClCompile Include="TunkioNative.cpp" />
  </ItemGroup>
  <ItemGroup>
    <ClInclude Include="PCH.hpp" />
    <ClInclude Include="TunkioAPI.h" />
    <ClInclude Include="TunkioArgs.hpp" />
    <ClInclude Include="TunkioEncoding.hpp" />
    <ClInclude Include="TunkioTiming.hpp" />
    <ClInclude Include="TunkioFileSystem.hpp" />
    <ClInclude Include="TunkioOutput.hpp" />
    <ClInclude Include="TunkioNative.hpp" />
  </ItemGroup>
  <ItemGroup>
    <None Include="TunkioAPI.def" />
  </ItemGroup>
</Project>